
Microsoft Visual Studio Solution File, Format Version 12.00
Project("{FAE04EC0-301F-11D3-BF4B-00C04F79EFBC}") = "StarWar", "StarWar\StarWar.csproj", "{CA15E72C-FD2D-4706-9B80-75E2111778EA}"
EndProject
Global
	GlobalSection(SolutionConfigurationPlatforms) = preSolution
		Debug|Any CPU = Debug|Any CPU
		Release|Any CPU = Release|Any CPU
	EndGlobalSection
	GlobalSection(ProjectConfigurationPlatforms) = postSolution
		{CA15E72C-FD2D-4706-9B80-75E2111778EA}.Debug|Any CPU.ActiveCfg = Debug|Any CPU
		{CA15E72C-FD2D-4706-9B80-75E2111778EA}.Debug|Any CPU.Build.0 = Debug|Any CPU
		{CA15E72C-FD2D-4706-9B80-75E2111778EA}.Release|Any CPU.ActiveCfg = Release|Any CPU
		{CA15E72C-FD2D-4706-9B80-75E2111778EA}.Release|Any CPU.Build.0 = Release|Any CPU
	EndGlobalSection
EndGlobal
